{
  "name": "uc-virtual-remote-arm64",
  "version": "0.14.5",
  "lockfileVersion": 3,
  "requires": true,
  "packages": {
    "": {
      "name": "uc-virtual-remote-arm64",
      "version": "0.14.5",
      "license": "MIT",
      "engines": {
        "node": ">=22.5.0"
      },
      "description": "UC Virtual Remote appliance for ARM64 and AMD64 with native ARM64 custom-integration tarballs and an internal Docker runtime for external integrations."
    }
  }
}
